
Microsoft Visual Studio Solution File, Format Version 12.00
# Visual Studio Version 17
VisualStudioVersion = 17.14.36930.0 d17.14
MinimumVisualStudioVersion = 10.0.40219.1
Project("{8BC9CEB8-8B4A-11D0-8D11-00A0C91BC942}") = "updated_orderbook_2", "updated_orderbook_2\updated_orderbook_2.vcxproj", "{D13EF78D-9613-4AFE-909A-23218A3AB2EC}"
EndProject
Global
	GlobalSection(SolutionConfigurationPlatforms) = preSolution
		Debug|x64 = Debug|x64
		Debug|x86 = Debug|x86
		Release|x64 = Release|x64
		Release|x86 = Release|x86
	EndGlobalSection
	GlobalSection(ProjectConfigurationPlatforms) = postSolution
		{D13EF78D-9613-4AFE-909A-23218A3AB2EC}.Debug|x64.ActiveCfg = Debug|x64
		{D13EF78D-9613-4AFE-909A-23218A3AB2EC}.Debug|x64.Build.0 = Debug|x64
		{D13EF78D-9613-4AFE-909A-23218A3AB2EC}.Debug|x86.ActiveCfg = Debug|Win32
		{D13EF78D-9613-4AFE-909A-23218A3AB2EC}.Debug|x86.Build.0 = Debug|Win32
		{D13EF78D-9613-4AFE-909A-23218A3AB2EC}.Release|x64.ActiveCfg = Release|x64
		{D13EF78D-9613-4AFE-909A-23218A3AB2EC}.Release|x64.Build.0 = Release|x64
		{D13EF78D-9613-4AFE-909A-23218A3AB2EC}.Release|x86.ActiveCfg = Release|Win32
		{D13EF78D-9613-4AFE-909A-23218A3AB2EC}.Release|x86.Build.0 = Release|Win32
	EndGlobalSection
	GlobalSection(SolutionProperties) = preSolution
		HideSolutionNode = FALSE
	EndGlobalSection
	GlobalSection(ExtensibilityGlobals) = postSolution
		SolutionGuid = {891E27A6-FE8A-4262-B822-A9C80FA18BCF}
	EndGlobalSection
EndGlobal
